<?xml version="1.0" encoding="utf-8"?>
<Project ToolsVersion="4.0" xmlns="http://schemas.microsoft.com/developer/msbuild/2003">
  <ItemGroup>
    <Filter Include="源文件">
      <UniqueIdentifier>{4FC737F1-C7A5-4376-A066-2A32D752A2FF}</UniqueIdentifier>
      <Extensions>cpp;c;cc;cxx;def;odl;idl;hpj;bat;asm;asmx</Extensions>
    </Filter>
    <Filter Include="头文件">
      <UniqueIdentifier>{93995380-89BD-4b04-88EB-625FBE52EBFB}</UniqueIdentifier>
      <Extensions>h;hpp;hxx;hm;inl;inc;xsd</Extensions>
    </Filter>
    <Filter Include="资源文件">
      <UniqueIdentifier>{67DA6AB6-F800-4c08-8B7A-83BB121AAD01}</UniqueIdentifier>
      <Extensions>rc;ico;cur;bmp;dlg;rc2;rct;bin;rgs;gif;jpg;jpeg;jpe;resx;tiff;tif;png;wav</Extensions>
    </Filter>
  </ItemGroup>
  <ItemGroup>
    <ClCompile Include="Accelerator.cpp">
      <Filter>源文件</Filter>
    </ClCompile>
    <ClCompile Include="BoundingBox.cpp">
      <Filter>源文件</Filter>
    </ClCompile>
    <ClCompile Include="BSDF.cpp">
      <Filter>源文件</Filter>
    </ClCompile>
    <ClCompile Include="Camera.cpp">
      <Filter>源文件</Filter>
    </ClCompile>
    <ClCompile Include="Clipper.cpp">
      <Filter>源文件</Filter>
    </ClCompile>
    <ClCompile Include="Clock.cpp">
      <Filter>源文件</Filter>
    </ClCompile>
    <ClCompile Include="DifferentialGeometry.cpp">
      <Filter>源文件</Filter>
    </ClCompile>
    <ClCompile Include="DirectLighting.cpp">
      <Filter>源文件</Filter>
    </ClCompile>
    <ClCompile Include="DisplaySystem.cpp">
      <Filter>源文件</Filter>
    </ClCompile>
    <ClCompile Include="Film.cpp">
      <Filter>源文件</Filter>
    </ClCompile>
    <ClCompile Include="Filter.cpp">
      <Filter>源文件</Filter>
    </ClCompile>
    <ClCompile Include="IrradianceCacheIntegrator.cpp">
      <Filter>源文件</Filter>
    </ClCompile>
    <ClCompile Include="KDTree.cpp">
      <Filter>源文件</Filter>
    </ClCompile>
    <ClCompile Include="Light.cpp">
      <Filter>源文件</Filter>
    </ClCompile>
    <ClCompile Include="LightMaterial.cpp">
      <Filter>源文件</Filter>
    </ClCompile>
    <ClCompile Include="MailBox.cpp">
      <Filter>源文件</Filter>
    </ClCompile>
    <ClCompile Include="Main.cpp">
      <Filter>源文件</Filter>
    </ClCompile>
    <ClCompile Include="Material.cpp">
      <Filter>源文件</Filter>
    </ClCompile>
    <ClCompile Include="MC.cpp">
      <Filter>源文件</Filter>
    </ClCompile>
    <ClCompile Include="MetropolisIntegrator.cpp">
      <Filter>源文件</Filter>
    </ClCompile>
    <ClCompile Include="MultiBVH.cpp">
      <Filter>源文件</Filter>
    </ClCompile>
    <ClCompile Include="ObjReader.cpp">
      <Filter>源文件</Filter>
    </ClCompile>
    <ClCompile Include="OctTree.cpp">
      <Filter>源文件</Filter>
    </ClCompile>
    <ClCompile Include="pathIntegrator.cpp">
      <Filter>源文件</Filter>
    </ClCompile>
    <ClCompile Include="Primitive.cpp">
      <Filter>源文件</Filter>
    </ClCompile>
    <ClCompile Include="RandomCamera.cpp">
      <Filter>源文件</Filter>
    </ClCompile>
    <ClCompile Include="Ray.cpp">
      <Filter>源文件</Filter>
    </ClCompile>
    <ClCompile Include="RecursivePathIntegrator.cpp">
      <Filter>源文件</Filter>
    </ClCompile>
    <ClCompile Include="Sample.cpp">
      <Filter>源文件</Filter>
    </ClCompile>
    <ClCompile Include="Sampler.cpp">
      <Filter>源文件</Filter>
    </ClCompile>
    <ClCompile Include="Scene.cpp">
      <Filter>源文件</Filter>
    </ClCompile>
    <ClCompile Include="Shapes.cpp">
      <Filter>源文件</Filter>
    </ClCompile>
    <ClCompile Include="SimpleBVH.cpp">
      <Filter>源文件</Filter>
    </ClCompile>
    <ClCompile Include="SimpleKD.cpp">
      <Filter>源文件</Filter>
    </ClCompile>
    <ClCompile Include="SimpleKD2.cpp">
      <Filter>源文件</Filter>
    </ClCompile>
    <ClCompile Include="stdafx.cpp">
      <Filter>源文件</Filter>
    </ClCompile>
    <ClCompile Include="SurfaceIntegrator.cpp">
      <Filter>源文件</Filter>
    </ClCompile>
    <ClCompile Include="Timer.cpp">
      <Filter>源文件</Filter>
    </ClCompile>
    <ClCompile Include="Triangle.cpp">
      <Filter>源文件</Filter>
    </ClCompile>
    <ClCompile Include="Utilities.cpp">
      <Filter>源文件</Filter>
    </ClCompile>
    <ClCompile Include="Vector3.cpp">
      <Filter>源文件</Filter>
    </ClCompile>
    <ClCompile Include="Vector4.cpp">
      <Filter>源文件</Filter>
    </ClCompile>
    <ClCompile Include="TileRenderer.cpp">
      <Filter>源文件</Filter>
    </ClCompile>
    <ClCompile Include="Vector2.cpp">
      <Filter>源文件</Filter>
    </ClCompile>
  </ItemGroup>
  <ItemGroup>
    <ClInclude Include="Accelerator.h">
      <Filter>头文件</Filter>
    </ClInclude>
    <ClInclude Include="BoundingBox.h">
      <Filter>头文件</Filter>
    </ClInclude>
    <ClInclude Include="BSDF.h">
      <Filter>头文件</Filter>
    </ClInclude>
    <ClInclude Include="Camera.h">
      <Filter>头文件</Filter>
    </ClInclude>
    <ClInclude Include="Clipper.h">
      <Filter>头文件</Filter>
    </ClInclude>
    <ClInclude Include="Clock.h">
      <Filter>头文件</Filter>
    </ClInclude>
    <ClInclude Include="DifferentialGeometry.h">
      <Filter>头文件</Filter>
    </ClInclude>
    <ClInclude Include="DirectLighting.h">
      <Filter>头文件</Filter>
    </ClInclude>
    <ClInclude Include="DisplaySystem.h">
      <Filter>头文件</Filter>
    </ClInclude>
    <ClInclude Include="Film.h">
      <Filter>头文件</Filter>
    </ClInclude>
    <ClInclude Include="Filter.h">
      <Filter>头文件</Filter>
    </ClInclude>
    <ClInclude Include="glut.h">
      <Filter>头文件</Filter>
    </ClInclude>
    <ClInclude Include="IrradianceCacheIntegrator.h">
      <Filter>头文件</Filter>
    </ClInclude>
    <ClInclude Include="KDTree.h">
      <Filter>头文件</Filter>
    </ClInclude>
    <ClInclude Include="Light.h">
      <Filter>头文件</Filter>
    </ClInclude>
    <ClInclude Include="LightMaterial.h">
      <Filter>头文件</Filter>
    </ClInclude>
    <ClInclude Include="MailBox.h">
      <Filter>头文件</Filter>
    </ClInclude>
    <ClInclude Include="Material.h">
      <Filter>头文件</Filter>
    </ClInclude>
    <ClInclude Include="MathValues.h">
      <Filter>头文件</Filter>
    </ClInclude>
    <ClInclude Include="MC.h">
      <Filter>头文件</Filter>
    </ClInclude>
    <ClInclude Include="MetropolisIntegrator.h">
      <Filter>头文件</Filter>
    </ClInclude>
    <ClInclude Include="MultiBVH.h">
      <Filter>头文件</Filter>
    </ClInclude>
    <ClInclude Include="ObjReader.h">
      <Filter>头文件</Filter>
    </ClInclude>
    <ClInclude Include="OctTree.h">
      <Filter>头文件</Filter>
    </ClInclude>
    <ClInclude Include="pathIntegrator.h">
      <Filter>头文件</Filter>
    </ClInclude>
    <ClInclude Include="Primitive.h">
      <Filter>头文件</Filter>
    </ClInclude>
    <ClInclude Include="RandomCamera.h">
      <Filter>头文件</Filter>
    </ClInclude>
    <ClInclude Include="Ray.h">
      <Filter>头文件</Filter>
    </ClInclude>
    <ClInclude Include="RecursivePathIntegrator.h">
      <Filter>头文件</Filter>
    </ClInclude>
    <ClInclude Include="renderKernel.h">
      <Filter>头文件</Filter>
    </ClInclude>
    <ClInclude Include="resource.h">
      <Filter>头文件</Filter>
    </ClInclude>
    <ClInclude Include="Sample.h">
      <Filter>头文件</Filter>
    </ClInclude>
    <ClInclude Include="Sampler.h">
      <Filter>头文件</Filter>
    </ClInclude>
    <ClInclude Include="Scene.h">
      <Filter>头文件</Filter>
    </ClInclude>
    <ClInclude Include="SimpleBVH.h">
      <Filter>头文件</Filter>
    </ClInclude>
    <ClInclude Include="SimpleKD.h">
      <Filter>头文件</Filter>
    </ClInclude>
    <ClInclude Include="SimpleKD2.h">
      <Filter>头文件</Filter>
    </ClInclude>
    <ClInclude Include="stdafx.h">
      <Filter>头文件</Filter>
    </ClInclude>
    <ClInclude Include="SurfaceIntegrator.h">
      <Filter>头文件</Filter>
    </ClInclude>
    <ClInclude Include="targetver.h">
      <Filter>头文件</Filter>
    </ClInclude>
    <ClInclude Include="Triangle.h">
      <Filter>头文件</Filter>
    </ClInclude>
    <ClInclude Include="Vector3.h">
      <Filter>头文件</Filter>
    </ClInclude>
    <ClInclude Include="Vector4.h">
      <Filter>头文件</Filter>
    </ClInclude>
    <ClInclude Include="TileRenderer.h">
      <Filter>头文件</Filter>
    </ClInclude>
    <ClInclude Include="Vector2.h">
      <Filter>头文件</Filter>
    </ClInclude>
  </ItemGroup>
</Project>